Microsoft Visual Studio Solution File, Format Version 12.00
# Visual Studio 14
VisualStudioVersion = 14.0.25420.1
MinimumVisualStudioVersion = 10.0.40219.1
Project("{8BC9CEB8-8B4A-11D0-8D11-00A0C91BC942}") = "ReaperDAWHub", "ReaperDAWHub.vcxproj", "{E6BC672E-3098-1A9F-A140-8D63CA3EF28F}"
EndProject
Project("{8BC9CEB8-8B4A-11D0-8D11-00A0C91BC942}") = "ReaperDAWHub.Service.Client.API", "ReaperDAWHub.Service.Client.API\ReaperDAWHub.Service.Client.API.vcxproj", "{3EC2C1B8-975E-4BA0-8C9A-5C122D768188}"
EndProject
Project("{8BC9CEB8-8B4A-11D0-8D11-00A0C91BC942}") = "ReaperDAWHub.GUI.Demo", "ReaperDAWHub.GUI.Demo\ReaperDAWHub.GUI.Demo.vcxproj", "{7E5CDBAA-2901-43D6-8C69-F7B0AC5065AC}"
EndProject
Project("{8BC9CEB8-8B4A-11D0-8D11-00A0C91BC942}") = "ReaperDAWHub.GUI", "ReaperDAWHub.GUI\ReaperDAWHub.GUI.vcxproj", "{D29AB73D-B8B2-4D6B-B804-39B01249BD58}"
EndProject
Project("{8BC9CEB8-8B4A-11D0-8D11-00A0C91BC942}") = "ReaperDAWHub.Model", "ReaperDAWHub.Model\ReaperDAWHub.Model.vcxproj", "{BFE23995-599B-4A4C-B1B8-24D522114C29}"
EndProject
Project("{8BC9CEB8-8B4A-11D0-8D11-00A0C91BC942}") = "ReaperDAWHub.Service.Client.Serialization.API", "ReaperDAWHub.Service.Client.Serialization.API\ReaperDAWHub.Service.Client.Serialization.API.vcxproj", "{295B8458-68E1-4C0D-AAA3-DFAC24FAE6E3}"
EndProject
Project("{8BC9CEB8-8B4A-11D0-8D11-00A0C91BC942}") = "ReaperDAWHub.Controller", "ReaperDAWHub.Controller\ReaperDAWHub.Controller.vcxproj", "{01056804-DCDE-4092-9B76-346DD75C98E0}"
EndProject
Project("{8BC9CEB8-8B4A-11D0-8D11-00A0C91BC942}") = "ReaperDAWHub.Service.Client.RESTImpl", "ReaperDAWHub.Service.Client.RESTImpl\ReaperDAWHub.Service.Client.RESTImpl.vcxproj.vcxproj", "{A2B523C8-9A29-4589-983E-9935C0FB81D1}"
EndProject
Project("{8BC9CEB8-8B4A-11D0-8D11-00A0C91BC942}") = "ReaperDAWHub.Service.Client.RESTImplTest", "ReaperDAWHub.Service.Client.RESTImpl.Test\ReaperDAWHub.Service.Client..RESTImplTest.vcxproj.vcxproj", "{F6C1C3A0-3757-4546-B461-A8F598E51D75}"
EndProject
Project("{8BC9CEB8-8B4A-11D0-8D11-00A0C91BC942}") = "ReaperDAWHub.Service.Client.Serialization.JSONImpl", "ReaperDAWHub.Service.Client.Serialization.JSONImpl\ReaperDAWHub.Service.Client.Serialization.JSONImpl.vcxproj", "{C6D79BDD-29B8-4377-8803-4D47275EB7BB}"
EndProject
Project("{8BC9CEB8-8B4A-11D0-8D11-00A0C91BC942}") = "ReaperDAWHub.Service.Client.Serialization.JSONImplTest", "ReaperDAWHub.Service.Client.Serialization.JSONImplTest\ReaperDAWHub.Service.Client.Serialization.JSONImplTest.vcxproj", "{55DFD6BF-B251-4FA2-991C-60164B2B407D}"
EndProject
Project("{8BC9CEB8-8B4A-11D0-8D11-00A0C91BC942}") = "ReaperDAWHub.ControllerTest", "ReaperDAWHub.ControllerTest\ReaperDAWHub.ControllerTest.vcxproj", "{F49909EC-7DF2-4219-8CF8-E7B4F094D038}"
EndProject
Global
	GlobalSection(SolutionConfigurationPlatforms) = preSolution
		Debug|Win32 = Debug|Win32
		Debug|x64 = Debug|x64
		Release|Win32 = Release|Win32
		Release|x64 = Release|x64
	EndGlobalSection
	GlobalSection(ProjectConfigurationPlatforms) = postSolution
		{E6BC672E-3098-1A9F-A140-8D63CA3EF28F}.Debug|Win32.ActiveCfg = Debug|Win32
		{E6BC672E-3098-1A9F-A140-8D63CA3EF28F}.Debug|Win32.Build.0 = Debug|Win32
		{E6BC672E-3098-1A9F-A140-8D63CA3EF28F}.Debug|x64.ActiveCfg = Debug|Win32
		{E6BC672E-3098-1A9F-A140-8D63CA3EF28F}.Release|Win32.ActiveCfg = Release|Win32
		{E6BC672E-3098-1A9F-A140-8D63CA3EF28F}.Release|Win32.Build.0 = Release|Win32
		{E6BC672E-3098-1A9F-A140-8D63CA3EF28F}.Release|x64.ActiveCfg = Release|Win32
		{E6BC672E-3098-1A9F-A140-8D63CA3EF28F}.Release|x64.Build.0 = Release|Win32
		{3EC2C1B8-975E-4BA0-8C9A-5C122D768188}.Debug|Win32.ActiveCfg = Debug|Win32
		{3EC2C1B8-975E-4BA0-8C9A-5C122D768188}.Debug|Win32.Build.0 = Debug|Win32
		{3EC2C1B8-975E-4BA0-8C9A-5C122D768188}.Debug|x64.ActiveCfg = Debug|x64
		{3EC2C1B8-975E-4BA0-8C9A-5C122D768188}.Debug|x64.Build.0 = Debug|x64
		{3EC2C1B8-975E-4BA0-8C9A-5C122D768188}.Release|Win32.ActiveCfg = Release|Win32
		{3EC2C1B8-975E-4BA0-8C9A-5C122D768188}.Release|Win32.Build.0 = Release|Win32
		{3EC2C1B8-975E-4BA0-8C9A-5C122D768188}.Release|x64.ActiveCfg = Release|x64
		{3EC2C1B8-975E-4BA0-8C9A-5C122D768188}.Release|x64.Build.0 = Release|x64
		{7E5CDBAA-2901-43D6-8C69-F7B0AC5065AC}.Debug|Win32.ActiveCfg = Debug|Win32
		{7E5CDBAA-2901-43D6-8C69-F7B0AC5065AC}.Debug|Win32.Build.0 = Debug|Win32
		{7E5CDBAA-2901-43D6-8C69-F7B0AC5065AC}.Debug|x64.ActiveCfg = Debug|x64
		{7E5CDBAA-2901-43D6-8C69-F7B0AC5065AC}.Debug|x64.Build.0 = Debug|x64
		{7E5CDBAA-2901-43D6-8C69-F7B0AC5065AC}.Release|Win32.ActiveCfg = Release|Win32
		{7E5CDBAA-2901-43D6-8C69-F7B0AC5065AC}.Release|Win32.Build.0 = Release|Win32
		{7E5CDBAA-2901-43D6-8C69-F7B0AC5065AC}.Release|x64.ActiveCfg = Release|x64
		{7E5CDBAA-2901-43D6-8C69-F7B0AC5065AC}.Release|x64.Build.0 = Release|x64
		{D29AB73D-B8B2-4D6B-B804-39B01249BD58}.Debug|Win32.ActiveCfg = Debug|Win32
		{D29AB73D-B8B2-4D6B-B804-39B01249BD58}.Debug|Win32.Build.0 = Debug|Win32
		{D29AB73D-B8B2-4D6B-B804-39B01249BD58}.Debug|x64.ActiveCfg = Debug|x64
		{D29AB73D-B8B2-4D6B-B804-39B01249BD58}.Debug|x64.Build.0 = Debug|x64
		{D29AB73D-B8B2-4D6B-B804-39B01249BD58}.Release|Win32.ActiveCfg = Release|Win32
		{D29AB73D-B8B2-4D6B-B804-39B01249BD58}.Release|Win32.Build.0 = Release|Win32
		{D29AB73D-B8B2-4D6B-B804-39B01249BD58}.Release|x64.ActiveCfg = Release|x64
		{D29AB73D-B8B2-4D6B-B804-39B01249BD58}.Release|x64.Build.0 = Release|x64
		{BFE23995-599B-4A4C-B1B8-24D522114C29}.Debug|Win32.ActiveCfg = Debug|Win32
		{BFE23995-599B-4A4C-B1B8-24D522114C29}.Debug|Win32.Build.0 = Debug|Win32
		{BFE23995-599B-4A4C-B1B8-24D522114C29}.Debug|x64.ActiveCfg = Debug|x64
		{BFE23995-599B-4A4C-B1B8-24D522114C29}.Debug|x64.Build.0 = Debug|x64
		{BFE23995-599B-4A4C-B1B8-24D522114C29}.Release|Win32.ActiveCfg = Release|Win32
		{BFE23995-599B-4A4C-B1B8-24D522114C29}.Release|Win32.Build.0 = Release|Win32
		{BFE23995-599B-4A4C-B1B8-24D522114C29}.Release|x64.ActiveCfg = Release|x64
		{BFE23995-599B-4A4C-B1B8-24D522114C29}.Release|x64.Build.0 = Release|x64
		{295B8458-68E1-4C0D-AAA3-DFAC24FAE6E3}.Debug|Win32.ActiveCfg = Debug|Win32
		{295B8458-68E1-4C0D-AAA3-DFAC24FAE6E3}.Debug|Win32.Build.0 = Debug|Win32
		{295B8458-68E1-4C0D-AAA3-DFAC24FAE6E3}.Debug|x64.ActiveCfg = Debug|x64
		{295B8458-68E1-4C0D-AAA3-DFAC24FAE6E3}.Debug|x64.Build.0 = Debug|x64
		{295B8458-68E1-4C0D-AAA3-DFAC24FAE6E3}.Release|Win32.ActiveCfg = Release|Win32
		{295B8458-68E1-4C0D-AAA3-DFAC24FAE6E3}.Release|Win32.Build.0 = Release|Win32
		{295B8458-68E1-4C0D-AAA3-DFAC24FAE6E3}.Release|x64.ActiveCfg = Release|x64
		{295B8458-68E1-4C0D-AAA3-DFAC24FAE6E3}.Release|x64.Build.0 = Release|x64
		{01056804-DCDE-4092-9B76-346DD75C98E0}.Debug|Win32.ActiveCfg = Debug|Win32
		{01056804-DCDE-4092-9B76-346DD75C98E0}.Debug|Win32.Build.0 = Debug|Win32
		{01056804-DCDE-4092-9B76-346DD75C98E0}.Debug|x64.ActiveCfg = Debug|x64
		{01056804-DCDE-4092-9B76-346DD75C98E0}.Debug|x64.Build.0 = Debug|x64
		{01056804-DCDE-4092-9B76-346DD75C98E0}.Release|Win32.ActiveCfg = Release|Win32
		{01056804-DCDE-4092-9B76-346DD75C98E0}.Release|Win32.Build.0 = Release|Win32
		{01056804-DCDE-4092-9B76-346DD75C98E0}.Release|x64.ActiveCfg = Release|x64
		{01056804-DCDE-4092-9B76-346DD75C98E0}.Release|x64.Build.0 = Release|x64
		{A2B523C8-9A29-4589-983E-9935C0FB81D1}.Debug|Win32.ActiveCfg = Debug|Win32
		{A2B523C8-9A29-4589-983E-9935C0FB81D1}.Debug|Win32.Build.0 = Debug|Win32
		{A2B523C8-9A29-4589-983E-9935C0FB81D1}.Debug|x64.ActiveCfg = Debug|x64
		{A2B523C8-9A29-4589-983E-9935C0FB81D1}.Debug|x64.Build.0 = Debug|x64
		{A2B523C8-9A29-4589-983E-9935C0FB81D1}.Release|Win32.ActiveCfg = Release|Win32
		{A2B523C8-9A29-4589-983E-9935C0FB81D1}.Release|Win32.Build.0 = Release|Win32
		{A2B523C8-9A29-4589-983E-9935C0FB81D1}.Release|x64.ActiveCfg = Release|x64
		{A2B523C8-9A29-4589-983E-9935C0FB81D1}.Release|x64.Build.0 = Release|x64
		{F6C1C3A0-3757-4546-B461-A8F598E51D75}.Debug|Win32.ActiveCfg = Debug|Win32
		{F6C1C3A0-3757-4546-B461-A8F598E51D75}.Debug|Win32.Build.0 = Debug|Win32
		{F6C1C3A0-3757-4546-B461-A8F598E51D75}.Debug|x64.ActiveCfg = Debug|x64
		{F6C1C3A0-3757-4546-B461-A8F598E51D75}.Debug|x64.Build.0 = Debug|x64
		{F6C1C3A0-3757-4546-B461-A8F598E51D75}.Release|Win32.ActiveCfg = Release|Win32
		{F6C1C3A0-3757-4546-B461-A8F598E51D75}.Release|Win32.Build.0 = Release|Win32
		{F6C1C3A0-3757-4546-B461-A8F598E51D75}.Release|x64.ActiveCfg = Release|x64
		{F6C1C3A0-3757-4546-B461-A8F598E51D75}.Release|x64.Build.0 = Release|x64
		{C6D79BDD-29B8-4377-8803-4D47275EB7BB}.Debug|Win32.ActiveCfg = Debug|Win32
		{C6D79BDD-29B8-4377-8803-4D47275EB7BB}.Debug|Win32.Build.0 = Debug|Win32
		{C6D79BDD-29B8-4377-8803-4D47275EB7BB}.Debug|x64.ActiveCfg = Debug|x64
		{C6D79BDD-29B8-4377-8803-4D47275EB7BB}.Debug|x64.Build.0 = Debug|x64
		{C6D79BDD-29B8-4377-8803-4D47275EB7BB}.Release|Win32.ActiveCfg = Release|Win32
		{C6D79BDD-29B8-4377-8803-4D47275EB7BB}.Release|Win32.Build.0 = Release|Win32
		{C6D79BDD-29B8-4377-8803-4D47275EB7BB}.Release|x64.ActiveCfg = Release|x64
		{C6D79BDD-29B8-4377-8803-4D47275EB7BB}.Release|x64.Build.0 = Release|x64
		{55DFD6BF-B251-4FA2-991C-60164B2B407D}.Debug|Win32.ActiveCfg = Debug|Win32
		{55DFD6BF-B251-4FA2-991C-60164B2B407D}.Debug|Win32.Build.0 = Debug|Win32
		{55DFD6BF-B251-4FA2-991C-60164B2B407D}.Debug|x64.ActiveCfg = Debug|x64
		{55DFD6BF-B251-4FA2-991C-60164B2B407D}.Debug|x64.Build.0 = Debug|x64
		{55DFD6BF-B251-4FA2-991C-60164B2B407D}.Release|Win32.ActiveCfg = Release|Win32
		{55DFD6BF-B251-4FA2-991C-60164B2B407D}.Release|Win32.Build.0 = Release|Win32
		{55DFD6BF-B251-4FA2-991C-60164B2B407D}.Release|x64.ActiveCfg = Release|x64
		{55DFD6BF-B251-4FA2-991C-60164B2B407D}.Release|x64.Build.0 = Release|x64
		{F49909EC-7DF2-4219-8CF8-E7B4F094D038}.Debug|Win32.ActiveCfg = Debug|Win32
		{F49909EC-7DF2-4219-8CF8-E7B4F094D038}.Debug|Win32.Build.0 = Debug|Win32
		{F49909EC-7DF2-4219-8CF8-E7B4F094D038}.Debug|x64.ActiveCfg = Debug|x64
		{F49909EC-7DF2-4219-8CF8-E7B4F094D038}.Debug|x64.Build.0 = Debug|x64
		{F49909EC-7DF2-4219-8CF8-E7B4F094D038}.Release|Win32.ActiveCfg = Release|Win32
		{F49909EC-7DF2-4219-8CF8-E7B4F094D038}.Release|Win32.Build.0 = Release|Win32
		{F49909EC-7DF2-4219-8CF8-E7B4F094D038}.Release|x64.ActiveCfg = Release|x64
		{F49909EC-7DF2-4219-8CF8-E7B4F094D038}.Release|x64.Build.0 = Release|x64
	EndGlobalSection
	GlobalSection(SolutionProperties) = preSolution
		HideSolutionNode = FALSE
	EndGlobalSection
EndGlobal
